
Microsoft Visual Studio Solution File, Format Version 12.00
# Visual Studio 15
VisualStudioVersion = 15.0.26730.12
MinimumVisualStudioVersion = 10.0.40219.1
Project("{FAE04EC0-301F-11D3-BF4B-00C04F79EFBC}") = "Interface Mockups", "Interface Mockups\Interface Mockups.csproj", "{D81588E8-E126-41AE-A27B-A8A170A5200D}"
EndProject
Global
	GlobalSection(SolutionConfigurationPlatforms) = preSolution
		Debug|Any CPU = Debug|Any CPU
		Release|Any CPU = Release|Any CPU
	EndGlobalSection
	GlobalSection(ProjectConfigurationPlatforms) = postSolution
		{D81588E8-E126-41AE-A27B-A8A170A5200D}.Debug|Any CPU.ActiveCfg = Debug|Any CPU
		{D81588E8-E126-41AE-A27B-A8A170A5200D}.Debug|Any CPU.Build.0 = Debug|Any CPU
		{D81588E8-E126-41AE-A27B-A8A170A5200D}.Release|Any CPU.ActiveCfg = Release|Any CPU
		{D81588E8-E126-41AE-A27B-A8A170A5200D}.Release|Any CPU.Build.0 = Release|Any CPU
	EndGlobalSection
	GlobalSection(SolutionProperties) = preSolution
		HideSolutionNode = FALSE
	EndGlobalSection
	GlobalSection(ExtensibilityGlobals) = postSolution
		SolutionGuid = {CD145AA3-6D8E-4A28-B13F-6754AB4D4AAE}
	EndGlobalSection
EndGlobal
